
Microsoft Visual Studio Solution File, Format Version 12.00
# Visual Studio Version 16
VisualStudioVersion = 16.0.810.25
MinimumVisualStudioVersion = 10.0.40219.1
Project("{2150E333-8FDC-42A3-9474-1A3956D46DE8}") = "Services", "Services", "{1BFC4052-0567-4BA0-8A75-84DB10474589}"
EndProject
Project("{2150E333-8FDC-42A3-9474-1A3956D46DE8}") = "Catalog", "Catalog", "{C68A1A72-3017-49A9-9FD0-57B62F0514FD}"
EndProject
Project("{FAE04EC0-301F-11D3-BF4B-00C04F79EFBC}") = "Catalog.API", "Services\Catalog\Catalog.API\Catalog.API.csproj", "{864476F4-9FE4-4BC8-B4C2-52BE2C15F875}"
EndProject
Project("{E53339B2-1760-4266-BCC7-CA923CBCF16C}") = "docker-compose", "docker-compose.dcproj", "{ADD1F045-3703-4DCA-AF13-F686A69A00FF}"
EndProject
Global
	GlobalSection(SolutionConfigurationPlatforms) = preSolution
		Debug|Any CPU = Debug|Any CPU
		Release|Any CPU = Release|Any CPU
	EndGlobalSection
	GlobalSection(ProjectConfigurationPlatforms) = postSolution
		{864476F4-9FE4-4BC8-B4C2-52BE2C15F875}.Debug|Any CPU.ActiveCfg = Debug|Any CPU
		{864476F4-9FE4-4BC8-B4C2-52BE2C15F875}.Debug|Any CPU.Build.0 = Debug|Any CPU
		{864476F4-9FE4-4BC8-B4C2-52BE2C15F875}.Release|Any CPU.ActiveCfg = Release|Any CPU
		{864476F4-9FE4-4BC8-B4C2-52BE2C15F875}.Release|Any CPU.Build.0 = Release|Any CPU
		{ADD1F045-3703-4DCA-AF13-F686A69A00FF}.Debug|Any CPU.ActiveCfg = Debug|Any CPU
		{ADD1F045-3703-4DCA-AF13-F686A69A00FF}.Debug|Any CPU.Build.0 = Debug|Any CPU
		{ADD1F045-3703-4DCA-AF13-F686A69A00FF}.Release|Any CPU.ActiveCfg = Release|Any CPU
		{ADD1F045-3703-4DCA-AF13-F686A69A00FF}.Release|Any CPU.Build.0 = Release|Any CPU
	EndGlobalSection
	GlobalSection(SolutionProperties) = preSolution
		HideSolutionNode = FALSE
	EndGlobalSection
	GlobalSection(ExtensibilityGlobals) = postSolution
		SolutionGuid = {781268B2-1C28-4FBF-9D23-4F2AB2E13591}
	EndGlobalSection
	GlobalSection(NestedProjects) = preSolution
		{C68A1A72-3017-49A9-9FD0-57B62F0514FD} = {1BFC4052-0567-4BA0-8A75-84DB10474589}
		{864476F4-9FE4-4BC8-B4C2-52BE2C15F875} = {C68A1A72-3017-49A9-9FD0-57B62F0514FD}
	EndGlobalSection
EndGlobal
