
Microsoft Visual Studio Solution File, Format Version 12.00
# Visual Studio Version 16
VisualStudioVersion = 16.0.810.25
MinimumVisualStudioVersion = 10.0.40219.1
Project("{2150E333-8FDC-42A3-9474-1A3956D46DE8}") = "Services", "Services", "{1BFC4052-0567-4BA0-8A75-84DB10474589}"
EndProject
Project("{2150E333-8FDC-42A3-9474-1A3956D46DE8}") = "Catalog", "Catalog", "{C68A1A72-3017-49A9-9FD0-57B62F0514FD}"
EndProject
Project("{FAE04EC0-301F-11D3-BF4B-00C04F79EFBC}") = "Catalog.API", "Services\Catalog\Catalog.API\Catalog.API.csproj", "{864476F4-9FE4-4BC8-B4C2-52BE2C15F875}"
EndProject
Project("{E53339B2-1760-4266-BCC7-CA923CBCF16C}") = "docker-compose", "docker-compose.dcproj", "{ADD1F045-3703-4DCA-AF13-F686A69A00FF}"
EndProject
Project("{2150E333-8FDC-42A3-9474-1A3956D46DE8}") = "Panier", "Panier", "{E6CDE378-512D-4D98-AB6B-BA2605A4F2B8}"
EndProject
Project("{FAE04EC0-301F-11D3-BF4B-00C04F79EFBC}") = "Panier.Api", "Services\Panier.Api\Panier.Api.csproj", "{26EACA69-75BC-4B38-99AD-CA824349066B}"
EndProject
Project("{2150E333-8FDC-42A3-9474-1A3956D46DE8}") = "Promotion", "Promotion", "{55A15CFC-0A7B-44D3-877E-3DDA94452BF7}"
EndProject
Project("{FAE04EC0-301F-11D3-BF4B-00C04F79EFBC}") = "Promotion.API", "Services\Promotion.API\Promotion.API.csproj", "{9618B264-E048-4D84-B89B-E9F5B955EB20}"
EndProject
Project("{FAE04EC0-301F-11D3-BF4B-00C04F79EFBC}") = "Promotion.Grpc", "Services\Promotion\Promotion.Grpc\Promotion.Grpc.csproj", "{C49AA888-46EF-462E-A9EB-8D277818D45A}"
EndProject
Project("{2150E333-8FDC-42A3-9474-1A3956D46DE8}") = "Commande", "Commande", "{6F8651CF-5518-4997-BA68-93C35BF91192}"
EndProject
Project("{FAE04EC0-301F-11D3-BF4B-00C04F79EFBC}") = "Commande.Api", "Services\Commande\Commande.Api\Commande.Api.csproj", "{986AEF5E-50AA-44F1-B26D-33A7BCDF69C1}"
EndProject
Project("{FAE04EC0-301F-11D3-BF4B-00C04F79EFBC}") = "Commande.Domaine", "Services\Commande\Commande.Domaine\Commande.Domaine.csproj", "{CE4C37B7-E0BC-43CB-BE91-F229E16CA2ED}"
EndProject
Project("{FAE04EC0-301F-11D3-BF4B-00C04F79EFBC}") = "Commande.Application", "Services\Commande\Commande.Application\Commande.Application.csproj", "{83D77BAD-E60A-46C1-BDFA-3BA13E573CA7}"
EndProject
Project("{FAE04EC0-301F-11D3-BF4B-00C04F79EFBC}") = "Commande.Infrastructure", "Services\Commande\Commande.Infrastructure\Commande.Infrastructure.csproj", "{8BF227CB-CF87-4752-97AD-7DF925B14282}"
EndProject
Project("{2150E333-8FDC-42A3-9474-1A3956D46DE8}") = "BuildingBlocks", "BuildingBlocks", "{6A807812-D388-4CE8-B1AD-739151D9B923}"
EndProject
Project("{FAE04EC0-301F-11D3-BF4B-00C04F79EFBC}") = "EventBus.Messages", "BuildingBlocks\EventBus.Messages\EventBus.Messages.csproj", "{C20A9E57-A2AE-4F8C-9FBF-A722F3D14D27}"
EndProject
Project("{2150E333-8FDC-42A3-9474-1A3956D46DE8}") = "ApiGateways", "ApiGateways", "{F6226BB0-7BD0-49B5-A29A-A6D597CD0203}"
EndProject
Project("{FAE04EC0-301F-11D3-BF4B-00C04F79EFBC}") = "OcelotApiGateway", "ApiGateways\OcelotApiGateway\OcelotApiGateway.csproj", "{85DFDAA6-F1C3-4D86-80F6-42448119E051}"
EndProject
Project("{FAE04EC0-301F-11D3-BF4B-00C04F79EFBC}") = "Shopping.Aggregator", "ApiGateways\Shopping.Aggregator\Shopping.Aggregator.csproj", "{7D6AC1C8-EF26-4CE2-B5ED-4E49BB92FFFC}"
EndProject
Global
	GlobalSection(SolutionConfigurationPlatforms) = preSolution
		Debug|Any CPU = Debug|Any CPU
		Release|Any CPU = Release|Any CPU
	EndGlobalSection
	GlobalSection(ProjectConfigurationPlatforms) = postSolution
		{864476F4-9FE4-4BC8-B4C2-52BE2C15F875}.Debug|Any CPU.ActiveCfg = Debug|Any CPU
		{864476F4-9FE4-4BC8-B4C2-52BE2C15F875}.Debug|Any CPU.Build.0 = Debug|Any CPU
		{864476F4-9FE4-4BC8-B4C2-52BE2C15F875}.Release|Any CPU.ActiveCfg = Release|Any CPU
		{864476F4-9FE4-4BC8-B4C2-52BE2C15F875}.Release|Any CPU.Build.0 = Release|Any CPU
		{ADD1F045-3703-4DCA-AF13-F686A69A00FF}.Debug|Any CPU.ActiveCfg = Debug|Any CPU
		{ADD1F045-3703-4DCA-AF13-F686A69A00FF}.Debug|Any CPU.Build.0 = Debug|Any CPU
		{ADD1F045-3703-4DCA-AF13-F686A69A00FF}.Release|Any CPU.ActiveCfg = Release|Any CPU
		{ADD1F045-3703-4DCA-AF13-F686A69A00FF}.Release|Any CPU.Build.0 = Release|Any CPU
		{26EACA69-75BC-4B38-99AD-CA824349066B}.Debug|Any CPU.ActiveCfg = Debug|Any CPU
		{26EACA69-75BC-4B38-99AD-CA824349066B}.Debug|Any CPU.Build.0 = Debug|Any CPU
		{26EACA69-75BC-4B38-99AD-CA824349066B}.Release|Any CPU.ActiveCfg = Release|Any CPU
		{26EACA69-75BC-4B38-99AD-CA824349066B}.Release|Any CPU.Build.0 = Release|Any CPU
		{9618B264-E048-4D84-B89B-E9F5B955EB20}.Debug|Any CPU.ActiveCfg = Debug|Any CPU
		{9618B264-E048-4D84-B89B-E9F5B955EB20}.Debug|Any CPU.Build.0 = Debug|Any CPU
		{9618B264-E048-4D84-B89B-E9F5B955EB20}.Release|Any CPU.ActiveCfg = Release|Any CPU
		{9618B264-E048-4D84-B89B-E9F5B955EB20}.Release|Any CPU.Build.0 = Release|Any CPU
		{C49AA888-46EF-462E-A9EB-8D277818D45A}.Debug|Any CPU.ActiveCfg = Debug|Any CPU
		{C49AA888-46EF-462E-A9EB-8D277818D45A}.Debug|Any CPU.Build.0 = Debug|Any CPU
		{C49AA888-46EF-462E-A9EB-8D277818D45A}.Release|Any CPU.ActiveCfg = Release|Any CPU
		{C49AA888-46EF-462E-A9EB-8D277818D45A}.Release|Any CPU.Build.0 = Release|Any CPU
		{986AEF5E-50AA-44F1-B26D-33A7BCDF69C1}.Debug|Any CPU.ActiveCfg = Debug|Any CPU
		{986AEF5E-50AA-44F1-B26D-33A7BCDF69C1}.Debug|Any CPU.Build.0 = Debug|Any CPU
		{986AEF5E-50AA-44F1-B26D-33A7BCDF69C1}.Release|Any CPU.ActiveCfg = Release|Any CPU
		{986AEF5E-50AA-44F1-B26D-33A7BCDF69C1}.Release|Any CPU.Build.0 = Release|Any CPU
		{CE4C37B7-E0BC-43CB-BE91-F229E16CA2ED}.Debug|Any CPU.ActiveCfg = Debug|Any CPU
		{CE4C37B7-E0BC-43CB-BE91-F229E16CA2ED}.Debug|Any CPU.Build.0 = Debug|Any CPU
		{CE4C37B7-E0BC-43CB-BE91-F229E16CA2ED}.Release|Any CPU.ActiveCfg = Release|Any CPU
		{CE4C37B7-E0BC-43CB-BE91-F229E16CA2ED}.Release|Any CPU.Build.0 = Release|Any CPU
		{83D77BAD-E60A-46C1-BDFA-3BA13E573CA7}.Debug|Any CPU.ActiveCfg = Debug|Any CPU
		{83D77BAD-E60A-46C1-BDFA-3BA13E573CA7}.Debug|Any CPU.Build.0 = Debug|Any CPU
		{83D77BAD-E60A-46C1-BDFA-3BA13E573CA7}.Release|Any CPU.ActiveCfg = Release|Any CPU
		{83D77BAD-E60A-46C1-BDFA-3BA13E573CA7}.Release|Any CPU.Build.0 = Release|Any CPU
		{8BF227CB-CF87-4752-97AD-7DF925B14282}.Debug|Any CPU.ActiveCfg = Debug|Any CPU
		{8BF227CB-CF87-4752-97AD-7DF925B14282}.Debug|Any CPU.Build.0 = Debug|Any CPU
		{8BF227CB-CF87-4752-97AD-7DF925B14282}.Release|Any CPU.ActiveCfg = Release|Any CPU
		{8BF227CB-CF87-4752-97AD-7DF925B14282}.Release|Any CPU.Build.0 = Release|Any CPU
		{C20A9E57-A2AE-4F8C-9FBF-A722F3D14D27}.Debug|Any CPU.ActiveCfg = Debug|Any CPU
		{C20A9E57-A2AE-4F8C-9FBF-A722F3D14D27}.Debug|Any CPU.Build.0 = Debug|Any CPU
		{C20A9E57-A2AE-4F8C-9FBF-A722F3D14D27}.Release|Any CPU.ActiveCfg = Release|Any CPU
		{C20A9E57-A2AE-4F8C-9FBF-A722F3D14D27}.Release|Any CPU.Build.0 = Release|Any CPU
		{85DFDAA6-F1C3-4D86-80F6-42448119E051}.Debug|Any CPU.ActiveCfg = Debug|Any CPU
		{85DFDAA6-F1C3-4D86-80F6-42448119E051}.Debug|Any CPU.Build.0 = Debug|Any CPU
		{85DFDAA6-F1C3-4D86-80F6-42448119E051}.Release|Any CPU.ActiveCfg = Release|Any CPU
		{85DFDAA6-F1C3-4D86-80F6-42448119E051}.Release|Any CPU.Build.0 = Release|Any CPU
		{7D6AC1C8-EF26-4CE2-B5ED-4E49BB92FFFC}.Debug|Any CPU.ActiveCfg = Debug|Any CPU
		{7D6AC1C8-EF26-4CE2-B5ED-4E49BB92FFFC}.Debug|Any CPU.Build.0 = Debug|Any CPU
		{7D6AC1C8-EF26-4CE2-B5ED-4E49BB92FFFC}.Release|Any CPU.ActiveCfg = Release|Any CPU
		{7D6AC1C8-EF26-4CE2-B5ED-4E49BB92FFFC}.Release|Any CPU.Build.0 = Release|Any CPU
	EndGlobalSection
	GlobalSection(SolutionProperties) = preSolution
		HideSolutionNode = FALSE
	EndGlobalSection
	GlobalSection(ExtensibilityGlobals) = postSolution
		SolutionGuid = {781268B2-1C28-4FBF-9D23-4F2AB2E13591}
	EndGlobalSection
	GlobalSection(NestedProjects) = preSolution
		{C68A1A72-3017-49A9-9FD0-57B62F0514FD} = {1BFC4052-0567-4BA0-8A75-84DB10474589}
		{864476F4-9FE4-4BC8-B4C2-52BE2C15F875} = {C68A1A72-3017-49A9-9FD0-57B62F0514FD}
		{E6CDE378-512D-4D98-AB6B-BA2605A4F2B8} = {1BFC4052-0567-4BA0-8A75-84DB10474589}
		{26EACA69-75BC-4B38-99AD-CA824349066B} = {E6CDE378-512D-4D98-AB6B-BA2605A4F2B8}
		{55A15CFC-0A7B-44D3-877E-3DDA94452BF7} = {1BFC4052-0567-4BA0-8A75-84DB10474589}
		{9618B264-E048-4D84-B89B-E9F5B955EB20} = {55A15CFC-0A7B-44D3-877E-3DDA94452BF7}
		{C49AA888-46EF-462E-A9EB-8D277818D45A} = {55A15CFC-0A7B-44D3-877E-3DDA94452BF7}
		{6F8651CF-5518-4997-BA68-93C35BF91192} = {1BFC4052-0567-4BA0-8A75-84DB10474589}
		{986AEF5E-50AA-44F1-B26D-33A7BCDF69C1} = {6F8651CF-5518-4997-BA68-93C35BF91192}
		{CE4C37B7-E0BC-43CB-BE91-F229E16CA2ED} = {6F8651CF-5518-4997-BA68-93C35BF91192}
		{83D77BAD-E60A-46C1-BDFA-3BA13E573CA7} = {6F8651CF-5518-4997-BA68-93C35BF91192}
		{8BF227CB-CF87-4752-97AD-7DF925B14282} = {6F8651CF-5518-4997-BA68-93C35BF91192}
		{C20A9E57-A2AE-4F8C-9FBF-A722F3D14D27} = {6A807812-D388-4CE8-B1AD-739151D9B923}
		{85DFDAA6-F1C3-4D86-80F6-42448119E051} = {F6226BB0-7BD0-49B5-A29A-A6D597CD0203}
		{7D6AC1C8-EF26-4CE2-B5ED-4E49BB92FFFC} = {F6226BB0-7BD0-49B5-A29A-A6D597CD0203}
	EndGlobalSection
EndGlobal
